{
  "nodes": {
    "flake-utils": {
      "inputs": {
        "systems": "systems"
      },
      "locked": {
        "lastModified": 1681202837,
        "narHash": "sha256-H+Rh19JDwRtpVPAWp64F+rlEtxUWBAQW28eAi3SRSzg=",
        "owner": "numtide",
        "repo": "flake-utils",
        "rev": "cfacdce06f30d2b68473a46042957675eebb3401",
        "type": "github"
      },
      "original": {
        "owner": "numtide",
        "repo": "flake-utils",
        "type": "github"
      }
    },
    "nixpkgs": {
      "locked": {
        "lastModified": 1684922889,
        "narHash": "sha256-l0WZAmln8959O7RdYUJ3gnAIM9OPKFLKHKGX4q+Blrk=",
        "owner": "NixOS",
        "repo": "nixpkgs",
        "rev": "04aaf8511678a0d0f347fdf1e8072fe01e4a509e",
        "type": "github"
      },
      "original": {
        "owner": "NixOS",
        "ref": "nixos-23.05",
        "repo": "nixpkgs",
        "type": "github"
      }
    },
    "root": {
      "inputs": {
        "nixpkgs": "nixpkgs",
        "squirrel": "squirrel",
        "tinycmmc": "tinycmmc"
      }
    },
    "squirrel": {
      "inputs": {
        "nixpkgs": [
          "nixpkgs"
        ],
        "squirrel_src": "squirrel_src",
        "tinycmmc": [
          "tinycmmc"
        ]
      },
      "locked": {
        "lastModified": 1684866146,
        "narHash": "sha256-Ewa98VUzbyUPUbeQezlUYsZPqKRzWu45B2XfmsuTf2w=",
        "owner": "grumnix",
        "repo": "squirrel",
        "rev": "87bcbc8d6778b53fa05d50d4a0c45cc73ea3c2a2",
        "type": "github"
      },
      "original": {
        "owner": "grumnix",
        "repo": "squirrel",
        "type": "github"
      }
    },
    "squirrel_src": {
      "flake": false,
      "locked": {
        "lastModified": 1651485918,
        "narHash": "sha256-cYj/83JVUBuLWznSfBjDIwrUI3e7F+FysQqpPgk4Wv4=",
        "owner": "albertodemichelis",
        "repo": "squirrel",
        "rev": "b31e5bdc213359f6612e77d36bae26fa85424c56",
        "type": "github"
      },
      "original": {
        "owner": "albertodemichelis",
        "repo": "squirrel",
        "rev": "b31e5bdc213359f6612e77d36bae26fa85424c56",
        "type": "github"
      }
    },
    "systems": {
      "locked": {
        "lastModified": 1681028828,
        "narHash": "sha256-Vy1rq5AaRuLzOxct8nz4T6wlgyUR7zLU309k9mBC768=",
        "owner": "nix-systems",
        "repo": "default",
        "rev": "da67096a3b9bf56a91d16901293e51ba5b49a27e",
        "type": "github"
      },
      "original": {
        "owner": "nix-systems",
        "repo": "default",
        "type": "github"
      }
    },
    "tinycmmc": {
      "inputs": {
        "flake-utils": "flake-utils",
        "nixpkgs": [
          "nixpkgs"
        ]
      },
      "locked": {
        "lastModified": 1684952066,
        "narHash": "sha256-yS8/+TOL2OA7f/RQs1Zr20mmlPFIVvFOgWShLAQvH8w=",
        "owner": "grumbel",
        "repo": "tinycmmc",
        "rev": "01fe277570a290837726de6eb3c16d617bfda28c",
        "type": "github"
      },
      "original": {
        "owner": "grumbel",
        "repo": "tinycmmc",
        "type": "github"
      }
    }
  },
  "root": "root",
  "version": 7
}
