{
  "nodes": {
    "flake-utils": {
      "inputs": {
        "systems": "systems"
      },
      "locked": {
        "lastModified": 1701680307,
        "narHash": "sha256-kAuep2h5ajznlPMD9rnQyffWG8EM/C73lejGofXvdM8=",
        "owner": "numtide",
        "repo": "flake-utils",
        "rev": "4022d587cbbfd70fe950c1e2083a02621806a725",
        "type": "github"
      },
      "original": {
        "owner": "numtide",
        "repo": "flake-utils",
        "type": "github"
      }
    },
    "nixpkgs": {
      "locked": {
        "lastModified": 1716542732,
        "narHash": "sha256-0Y9fRr0CUqWT4KgBITmaGwlnNIGMYuydu2L8iLTfHU4=",
        "owner": "NixOS",
        "repo": "nixpkgs",
        "rev": "d12251ef6e8e6a46e05689eeccd595bdbd3c9e60",
        "type": "github"
      },
      "original": {
        "owner": "NixOS",
        "ref": "nixos-24.05",
        "repo": "nixpkgs",
        "type": "github"
      }
    },
    "root": {
      "inputs": {
        "nixpkgs": "nixpkgs",
        "squirrel": "squirrel",
        "tinycmmc": "tinycmmc"
      }
    },
    "squirrel": {
      "inputs": {
        "nixpkgs": [
          "nixpkgs"
        ],
        "squirrel_src": "squirrel_src",
        "tinycmmc": [
          "tinycmmc"
        ]
      },
      "locked": {
        "lastModified": 1716730551,
        "narHash": "sha256-c1rEjrcJ3Z7ZweQfOSs1lb8GNT5qAszmNKJ3pNyJkoo=",
        "owner": "grumnix",
        "repo": "squirrel",
        "rev": "e68aa9ae942cca756db34641ea07fb8339df7743",
        "type": "github"
      },
      "original": {
        "owner": "grumnix",
        "repo": "squirrel",
        "type": "github"
      }
    },
    "squirrel_src": {
      "flake": false,
      "locked": {
        "lastModified": 1651485918,
        "narHash": "sha256-cYj/83JVUBuLWznSfBjDIwrUI3e7F+FysQqpPgk4Wv4=",
        "owner": "albertodemichelis",
        "repo": "squirrel",
        "rev": "b31e5bdc213359f6612e77d36bae26fa85424c56",
        "type": "github"
      },
      "original": {
        "owner": "albertodemichelis",
        "repo": "squirrel",
        "rev": "b31e5bdc213359f6612e77d36bae26fa85424c56",
        "type": "github"
      }
    },
    "systems": {
      "locked": {
        "lastModified": 1681028828,
        "narHash": "sha256-Vy1rq5AaRuLzOxct8nz4T6wlgyUR7zLU309k9mBC768=",
        "owner": "nix-systems",
        "repo": "default",
        "rev": "da67096a3b9bf56a91d16901293e51ba5b49a27e",
        "type": "github"
      },
      "original": {
        "owner": "nix-systems",
        "repo": "default",
        "type": "github"
      }
    },
    "tinycmmc": {
      "inputs": {
        "flake-utils": "flake-utils",
        "nixpkgs": [
          "nixpkgs"
        ]
      },
      "locked": {
        "lastModified": 1701699760,
        "narHash": "sha256-L0vwqcTQFOiFfRY90nBgDuUsVOYS0+S8BfVxFvaFBNM=",
        "owner": "grumbel",
        "repo": "tinycmmc",
        "rev": "9a51e13802d930feb7261ba8876940659b258cb7",
        "type": "github"
      },
      "original": {
        "owner": "grumbel",
        "repo": "tinycmmc",
        "type": "github"
      }
    }
  },
  "root": "root",
  "version": 7
}
